
Microsoft Visual Studio Solution File, Format Version 12.00
# Visual Studio Version 16
VisualStudioVersion = 16.0.28803.352
MinimumVisualStudioVersion = 10.0.40219.1
Project("{FAE04EC0-301F-11D3-BF4B-00C04F79EFBC}") = "E47_FormatoHora", "E47_FormatoHora\E47_FormatoHora.csproj", "{258228E5-3994-4C17-A37F-5039C5ECAB4F}"
EndProject
Global
	GlobalSection(SolutionConfigurationPlatforms) = preSolution
		Debug|Any CPU = Debug|Any CPU
		Release|Any CPU = Release|Any CPU
	EndGlobalSection
	GlobalSection(ProjectConfigurationPlatforms) = postSolution
		{258228E5-3994-4C17-A37F-5039C5ECAB4F}.Debug|Any CPU.ActiveCfg = Debug|Any CPU
		{258228E5-3994-4C17-A37F-5039C5ECAB4F}.Debug|Any CPU.Build.0 = Debug|Any CPU
		{258228E5-3994-4C17-A37F-5039C5ECAB4F}.Release|Any CPU.ActiveCfg = Release|Any CPU
		{258228E5-3994-4C17-A37F-5039C5ECAB4F}.Release|Any CPU.Build.0 = Release|Any CPU
	EndGlobalSection
	GlobalSection(SolutionProperties) = preSolution
		HideSolutionNode = FALSE
	EndGlobalSection
	GlobalSection(ExtensibilityGlobals) = postSolution
		SolutionGuid = {854CD00B-5947-4129-A68E-20A94DFF44FD}
	EndGlobalSection
EndGlobal
